lockfileVersion: '9.0'

settings:
  autoInstallPeers: true
  excludeLinksFromLockfile: false

importers:

  .:
    dependencies:
      '@antelopejs/core':
        specifier: link:..
        version: link:..
      '@antelopejs/interface-core':
        specifier: ^0.2.0
        version: 0.2.0

packages:

  '@antelopejs/interface-core@0.2.0':
    resolution: {integrity: sha512-Dtheo8zDfx9D2ycmJdS+66dcRXD6Jo49lq4R1Zu7jqJXQoo3SWgKK7ZyJxML5qXwzvvfYbz8VEFm53Vgv9Cwmw==}

  reflect-metadata@0.2.2:
    resolution: {integrity: sha512-urBwgfrvVP/eAyXx4hluJivBKzuEbSQs9rKWCrCkbSxNv8mxPcUZKeuoF3Uy4mJl3Lwprp6yy5/39VWigZ4K6Q==}

snapshots:

  '@antelopejs/interface-core@0.2.0':
    dependencies:
      reflect-metadata: 0.2.2

  reflect-metadata@0.2.2: {}
